
Microsoft Visual Studio Solution File, Format Version 12.00
# Visual Studio Version 16
VisualStudioVersion = 16.0.30320.27
MinimumVisualStudioVersion = 10.0.40219.1
Project("{9A19103F-16F7-4668-BE54-9A1E7A4F7556}") = "Walgelijk", "Walgelijk\Walgelijk.csproj", "{4A50B7E8-4661-439B-8B02-13E0A8469774}"
EndProject
Project("{9A19103F-16F7-4668-BE54-9A1E7A4F7556}") = "TestWorld", "Test\TestWorld.csproj", "{D0041A83-BEDD-47C0-8BF9-8200DD3228FC}"
EndProject
Project("{9A19103F-16F7-4668-BE54-9A1E7A4F7556}") = "Walgelijk.OpenTK", "Walgelijk.OpenTK\Walgelijk.OpenTK.csproj", "{36FB09D0-F063-48BD-BB57-EA0996FBE98E}"
EndProject
Project("{9A19103F-16F7-4668-BE54-9A1E7A4F7556}") = "Walgelijk.ParticleSystem", "Walgelijk.ParticleSystem\Walgelijk.ParticleSystem.csproj", "{5FD74DF4-F720-4D60-9E0E-F93DF437152D}"
EndProject
Project("{9A19103F-16F7-4668-BE54-9A1E7A4F7556}") = "Tests", "Tests\Tests.csproj", "{09F5F9AB-C0D9-4034-89D4-36CDE0697066}"
EndProject
Project("{9A19103F-16F7-4668-BE54-9A1E7A4F7556}") = "Walgelijk.Video", "Walgelijk.Video\Walgelijk.Video.csproj", "{B7D36A10-26DC-4739-A05D-BF70CB32DE3D}"
EndProject
Global
	GlobalSection(SolutionConfigurationPlatforms) = preSolution
		Debug|Any CPU = Debug|Any CPU
		Release|Any CPU = Release|Any CPU
	EndGlobalSection
	GlobalSection(ProjectConfigurationPlatforms) = postSolution
		{4A50B7E8-4661-439B-8B02-13E0A8469774}.Debug|Any CPU.ActiveCfg = Debug|Any CPU
		{4A50B7E8-4661-439B-8B02-13E0A8469774}.Debug|Any CPU.Build.0 = Debug|Any CPU
		{4A50B7E8-4661-439B-8B02-13E0A8469774}.Release|Any CPU.ActiveCfg = Release|Any CPU
		{4A50B7E8-4661-439B-8B02-13E0A8469774}.Release|Any CPU.Build.0 = Release|Any CPU
		{D0041A83-BEDD-47C0-8BF9-8200DD3228FC}.Debug|Any CPU.ActiveCfg = Debug|Any CPU
		{D0041A83-BEDD-47C0-8BF9-8200DD3228FC}.Debug|Any CPU.Build.0 = Debug|Any CPU
		{D0041A83-BEDD-47C0-8BF9-8200DD3228FC}.Release|Any CPU.ActiveCfg = Release|Any CPU
		{D0041A83-BEDD-47C0-8BF9-8200DD3228FC}.Release|Any CPU.Build.0 = Release|Any CPU
		{36FB09D0-F063-48BD-BB57-EA0996FBE98E}.Debug|Any CPU.ActiveCfg = Debug|Any CPU
		{36FB09D0-F063-48BD-BB57-EA0996FBE98E}.Debug|Any CPU.Build.0 = Debug|Any CPU
		{36FB09D0-F063-48BD-BB57-EA0996FBE98E}.Release|Any CPU.ActiveCfg = Release|Any CPU
		{36FB09D0-F063-48BD-BB57-EA0996FBE98E}.Release|Any CPU.Build.0 = Release|Any CPU
		{5FD74DF4-F720-4D60-9E0E-F93DF437152D}.Debug|Any CPU.ActiveCfg = Debug|Any CPU
		{5FD74DF4-F720-4D60-9E0E-F93DF437152D}.Debug|Any CPU.Build.0 = Debug|Any CPU
		{5FD74DF4-F720-4D60-9E0E-F93DF437152D}.Release|Any CPU.ActiveCfg = Release|Any CPU
		{5FD74DF4-F720-4D60-9E0E-F93DF437152D}.Release|Any CPU.Build.0 = Release|Any CPU
		{09F5F9AB-C0D9-4034-89D4-36CDE0697066}.Debug|Any CPU.ActiveCfg = Debug|Any CPU
		{09F5F9AB-C0D9-4034-89D4-36CDE0697066}.Debug|Any CPU.Build.0 = Debug|Any CPU
		{09F5F9AB-C0D9-4034-89D4-36CDE0697066}.Release|Any CPU.ActiveCfg = Release|Any CPU
		{09F5F9AB-C0D9-4034-89D4-36CDE0697066}.Release|Any CPU.Build.0 = Release|Any CPU
		{B7D36A10-26DC-4739-A05D-BF70CB32DE3D}.Debug|Any CPU.ActiveCfg = Debug|Any CPU
		{B7D36A10-26DC-4739-A05D-BF70CB32DE3D}.Debug|Any CPU.Build.0 = Debug|Any CPU
		{B7D36A10-26DC-4739-A05D-BF70CB32DE3D}.Release|Any CPU.ActiveCfg = Release|Any CPU
		{B7D36A10-26DC-4739-A05D-BF70CB32DE3D}.Release|Any CPU.Build.0 = Release|Any CPU
	EndGlobalSection
	GlobalSection(SolutionProperties) = preSolution
		HideSolutionNode = FALSE
	EndGlobalSection
	GlobalSection(ExtensibilityGlobals) = postSolution
		SolutionGuid = {A0C7120A-E478-452E-B3C7-B869E44F9230}
	EndGlobalSection
EndGlobal
