
Microsoft Visual Studio Solution File, Format Version 12.00
# Visual Studio Version 16
VisualStudioVersion = 16.0.30320.27
MinimumVisualStudioVersion = 10.0.40219.1
Project("{FAE04EC0-301F-11D3-BF4B-00C04F79EFBC}") = "WalgelijkCore", "WalgelijkCore\WalgelijkCore.csproj", "{4A50B7E8-4661-439B-8B02-13E0A8469774}"
EndProject
Project("{FAE04EC0-301F-11D3-BF4B-00C04F79EFBC}") = "Test", "Test\Test.csproj", "{D0041A83-BEDD-47C0-8BF9-8200DD3228FC}"
EndProject
Global
	GlobalSection(SolutionConfigurationPlatforms) = preSolution
		Debug|Any CPU = Debug|Any CPU
		Release|Any CPU = Release|Any CPU
	EndGlobalSection
	GlobalSection(ProjectConfigurationPlatforms) = postSolution
		{4A50B7E8-4661-439B-8B02-13E0A8469774}.Debug|Any CPU.ActiveCfg = Debug|Any CPU
		{4A50B7E8-4661-439B-8B02-13E0A8469774}.Debug|Any CPU.Build.0 = Debug|Any CPU
		{4A50B7E8-4661-439B-8B02-13E0A8469774}.Release|Any CPU.ActiveCfg = Release|Any CPU
		{4A50B7E8-4661-439B-8B02-13E0A8469774}.Release|Any CPU.Build.0 = Release|Any CPU
		{D0041A83-BEDD-47C0-8BF9-8200DD3228FC}.Debug|Any CPU.ActiveCfg = Debug|Any CPU
		{D0041A83-BEDD-47C0-8BF9-8200DD3228FC}.Debug|Any CPU.Build.0 = Debug|Any CPU
		{D0041A83-BEDD-47C0-8BF9-8200DD3228FC}.Release|Any CPU.ActiveCfg = Release|Any CPU
		{D0041A83-BEDD-47C0-8BF9-8200DD3228FC}.Release|Any CPU.Build.0 = Release|Any CPU
	EndGlobalSection
	GlobalSection(SolutionProperties) = preSolution
		HideSolutionNode = FALSE
	EndGlobalSection
	GlobalSection(ExtensibilityGlobals) = postSolution
		SolutionGuid = {A0C7120A-E478-452E-B3C7-B869E44F9230}
	EndGlobalSection
EndGlobal
