
Microsoft Visual Studio Solution File, Format Version 12.00
# Visual Studio Version 17
VisualStudioVersion = 17.0.32014.148
MinimumVisualStudioVersion = 10.0.40219.1
Project("{9A19103F-16F7-4668-BE54-9A1E7A4F7556}") = "Walgelijk", "Walgelijk\Walgelijk.csproj", "{4A50B7E8-4661-439B-8B02-13E0A8469774}"
EndProject
Project("{9A19103F-16F7-4668-BE54-9A1E7A4F7556}") = "Walgelijk.OpenTK", "Walgelijk.OpenTK\Walgelijk.OpenTK.csproj", "{36FB09D0-F063-48BD-BB57-EA0996FBE98E}"
EndProject
Project("{9A19103F-16F7-4668-BE54-9A1E7A4F7556}") = "Walgelijk.ParticleSystem", "Walgelijk.ParticleSystem\Walgelijk.ParticleSystem.csproj", "{5FD74DF4-F720-4D60-9E0E-F93DF437152D}"
EndProject
Project("{9A19103F-16F7-4668-BE54-9A1E7A4F7556}") = "Walgelijk.Physics", "Walgelijk.Physics\Walgelijk.Physics.csproj", "{0470D703-88A4-4CE5-83B2-5BEF7DC1DE1E}"
EndProject
Project("{9A19103F-16F7-4668-BE54-9A1E7A4F7556}") = "Walgelijk.SimpleDrawing", "Walgelijk.SimpleDrawing\Walgelijk.SimpleDrawing.csproj", "{1D800BA8-D9E5-4CE8-8685-8958E1814E61}"
EndProject
Project("{9A19103F-16F7-4668-BE54-9A1E7A4F7556}") = "Playgrounds", "Playgrounds\Playgrounds.csproj", "{74A9F0F2-435F-4078-8D26-44473D051C1E}"
EndProject
Project("{9A19103F-16F7-4668-BE54-9A1E7A4F7556}") = "Walgelijk.Localisation", "Walgelijk.Localisation\Walgelijk.Localisation.csproj", "{A21BDC35-81DA-4F03-AA96-AD0F3897EC50}"
EndProject
Project("{2150E333-8FDC-42A3-9474-1A3956D46DE8}") = "Examples", "Examples", "{E26A57FD-C51A-48B9-B83D-551DD928230F}"
EndProject
Project("{2150E333-8FDC-42A3-9474-1A3956D46DE8}") = "Engine", "Engine", "{4A17549A-1B5D-466D-B432-B517EAFDACD9}"
EndProject
Project("{9A19103F-16F7-4668-BE54-9A1E7A4F7556}") = "Walgelijk.OpenTK.MotionTK", "Walgelijk.OpenTK.MotionTK\Walgelijk.OpenTK.MotionTK.csproj", "{6D7092D4-9CB0-492B-B36E-89BBCCEC504D}"
EndProject
Project("{9A19103F-16F7-4668-BE54-9A1E7A4F7556}") = "Walgelijk.Onion", "Walgelijk.Onion\Walgelijk.Onion.csproj", "{28249BF4-D0F4-46C8-8E7D-4C142D5084AA}"
EndProject
Project("{9A19103F-16F7-4668-BE54-9A1E7A4F7556}") = "Walgelijk.Tests", "Walgelijk.Tests\Walgelijk.Tests.csproj", "{535478BB-0349-4E2A-9996-C906B69519BE}"
EndProject
Project("{9A19103F-16F7-4668-BE54-9A1E7A4F7556}") = "Walgelijk.Templates", "Walgelijk.Template\Walgelijk.Templates.csproj", "{D2564EF7-BC85-40C5-BA5D-75FA5CECCBF1}"
EndProject
Project("{9A19103F-16F7-4668-BE54-9A1E7A4F7556}") = "Walgelijk.Onion.SourceGenerator", "Walgelijk.Onion.SourceGenerator\Walgelijk.Onion.SourceGenerator.csproj", "{6C888B54-342D-4539-917E-D55FC4552E60}"
EndProject
Project("{9A19103F-16F7-4668-BE54-9A1E7A4F7556}") = "Walgelijk.Prism", "Walgelijk.Prism\Walgelijk.Prism.csproj", "{88F47ECE-9510-4809-B59A-A63228A9A40F}"
EndProject
Project("{9A19103F-16F7-4668-BE54-9A1E7A4F7556}") = "Walgelijk.FontGenerator", "Walgelijk.FontGenerator\Walgelijk.FontGenerator.csproj", "{A2E97299-9B71-4F6F-BA56-2837D40F3D63}"
EndProject
Project("{9A19103F-16F7-4668-BE54-9A1E7A4F7556}") = "Walgelijk.AssetManager", "Walgelijk.AssetManager\Walgelijk.AssetManager.csproj", "{6A4DF306-57CA-4852-BD0F-1484FF933361}"
EndProject
Project("{2150E333-8FDC-42A3-9474-1A3956D46DE8}") = "Tools", "Tools", "{EE04B794-4BCA-428B-8C93-363F857AA97C}"
EndProject
Project("{9A19103F-16F7-4668-BE54-9A1E7A4F7556}") = "Walgelijk.AssetPackageBuilder", "Walgelijk.AssetPackageBuilder\Walgelijk.AssetPackageBuilder.csproj", "{A0B71460-9B7F-4474-8381-E0BECC3E526F}"
EndProject
Project("{9A19103F-16F7-4668-BE54-9A1E7A4F7556}") = "Walgelijk.CommonAssetDeserialisers", "Walgelijk.CommonAssetDeserialisers\Walgelijk.CommonAssetDeserialisers.csproj", "{E1FBCDDC-9DF8-41F1-8229-91C1CB963952}"
EndProject
Project("{9A19103F-16F7-4668-BE54-9A1E7A4F7556}") = "Walgelijk.AssetPackageExplorer", "Walgelijk.AssetPackageExplorer\Walgelijk.AssetPackageExplorer.csproj", "{0C3616BA-5963-46D2-BD91-BED2C3E063C7}"
EndProject
Project("{9A19103F-16F7-4668-BE54-9A1E7A4F7556}") = "Walgelijk.Prism.Editor", "Walgelijk.Prism.Editor\Walgelijk.Prism.Editor.csproj", "{05399B49-5169-45BF-85CB-A0C6EF8756D9}"
EndProject
Project("{FAE04EC0-301F-11D3-BF4B-00C04F79EFBC}") = "Walgelijk.PortAudio", "Walgelijk.PortAudio\Walgelijk.PortAudio.csproj", "{B46E0064-D640-43A0-A628-0550A88D749D}"
EndProject
Global
	GlobalSection(SolutionConfigurationPlatforms) = preSolution
		Debug|Any CPU = Debug|Any CPU
		Release|Any CPU = Release|Any CPU
	EndGlobalSection
	GlobalSection(ProjectConfigurationPlatforms) = postSolution
		{4A50B7E8-4661-439B-8B02-13E0A8469774}.Debug|Any CPU.ActiveCfg = Debug|Any CPU
		{4A50B7E8-4661-439B-8B02-13E0A8469774}.Debug|Any CPU.Build.0 = Debug|Any CPU
		{4A50B7E8-4661-439B-8B02-13E0A8469774}.Release|Any CPU.ActiveCfg = Release|Any CPU
		{4A50B7E8-4661-439B-8B02-13E0A8469774}.Release|Any CPU.Build.0 = Release|Any CPU
		{36FB09D0-F063-48BD-BB57-EA0996FBE98E}.Debug|Any CPU.ActiveCfg = Debug|Any CPU
		{36FB09D0-F063-48BD-BB57-EA0996FBE98E}.Debug|Any CPU.Build.0 = Debug|Any CPU
		{36FB09D0-F063-48BD-BB57-EA0996FBE98E}.Release|Any CPU.ActiveCfg = Release|Any CPU
		{36FB09D0-F063-48BD-BB57-EA0996FBE98E}.Release|Any CPU.Build.0 = Release|Any CPU
		{5FD74DF4-F720-4D60-9E0E-F93DF437152D}.Debug|Any CPU.ActiveCfg = Debug|Any CPU
		{5FD74DF4-F720-4D60-9E0E-F93DF437152D}.Debug|Any CPU.Build.0 = Debug|Any CPU
		{5FD74DF4-F720-4D60-9E0E-F93DF437152D}.Release|Any CPU.ActiveCfg = Release|Any CPU
		{5FD74DF4-F720-4D60-9E0E-F93DF437152D}.Release|Any CPU.Build.0 = Release|Any CPU
		{0470D703-88A4-4CE5-83B2-5BEF7DC1DE1E}.Debug|Any CPU.ActiveCfg = Debug|Any CPU
		{0470D703-88A4-4CE5-83B2-5BEF7DC1DE1E}.Debug|Any CPU.Build.0 = Debug|Any CPU
		{0470D703-88A4-4CE5-83B2-5BEF7DC1DE1E}.Release|Any CPU.ActiveCfg = Release|Any CPU
		{0470D703-88A4-4CE5-83B2-5BEF7DC1DE1E}.Release|Any CPU.Build.0 = Release|Any CPU
		{1D800BA8-D9E5-4CE8-8685-8958E1814E61}.Debug|Any CPU.ActiveCfg = Debug|Any CPU
		{1D800BA8-D9E5-4CE8-8685-8958E1814E61}.Debug|Any CPU.Build.0 = Debug|Any CPU
		{1D800BA8-D9E5-4CE8-8685-8958E1814E61}.Release|Any CPU.ActiveCfg = Release|Any CPU
		{1D800BA8-D9E5-4CE8-8685-8958E1814E61}.Release|Any CPU.Build.0 = Release|Any CPU
		{74A9F0F2-435F-4078-8D26-44473D051C1E}.Debug|Any CPU.ActiveCfg = Debug|Any CPU
		{74A9F0F2-435F-4078-8D26-44473D051C1E}.Debug|Any CPU.Build.0 = Debug|Any CPU
		{74A9F0F2-435F-4078-8D26-44473D051C1E}.Release|Any CPU.ActiveCfg = Release|Any CPU
		{74A9F0F2-435F-4078-8D26-44473D051C1E}.Release|Any CPU.Build.0 = Release|Any CPU
		{A21BDC35-81DA-4F03-AA96-AD0F3897EC50}.Debug|Any CPU.ActiveCfg = Debug|Any CPU
		{A21BDC35-81DA-4F03-AA96-AD0F3897EC50}.Debug|Any CPU.Build.0 = Debug|Any CPU
		{A21BDC35-81DA-4F03-AA96-AD0F3897EC50}.Release|Any CPU.ActiveCfg = Release|Any CPU
		{A21BDC35-81DA-4F03-AA96-AD0F3897EC50}.Release|Any CPU.Build.0 = Release|Any CPU
		{6D7092D4-9CB0-492B-B36E-89BBCCEC504D}.Debug|Any CPU.ActiveCfg = Debug|Any CPU
		{6D7092D4-9CB0-492B-B36E-89BBCCEC504D}.Debug|Any CPU.Build.0 = Debug|Any CPU
		{6D7092D4-9CB0-492B-B36E-89BBCCEC504D}.Release|Any CPU.ActiveCfg = Release|Any CPU
		{6D7092D4-9CB0-492B-B36E-89BBCCEC504D}.Release|Any CPU.Build.0 = Release|Any CPU
		{28249BF4-D0F4-46C8-8E7D-4C142D5084AA}.Debug|Any CPU.ActiveCfg = Debug|Any CPU
		{28249BF4-D0F4-46C8-8E7D-4C142D5084AA}.Debug|Any CPU.Build.0 = Debug|Any CPU
		{28249BF4-D0F4-46C8-8E7D-4C142D5084AA}.Release|Any CPU.ActiveCfg = Release|Any CPU
		{28249BF4-D0F4-46C8-8E7D-4C142D5084AA}.Release|Any CPU.Build.0 = Release|Any CPU
		{535478BB-0349-4E2A-9996-C906B69519BE}.Debug|Any CPU.ActiveCfg = Debug|Any CPU
		{535478BB-0349-4E2A-9996-C906B69519BE}.Debug|Any CPU.Build.0 = Debug|Any CPU
		{535478BB-0349-4E2A-9996-C906B69519BE}.Release|Any CPU.ActiveCfg = Release|Any CPU
		{535478BB-0349-4E2A-9996-C906B69519BE}.Release|Any CPU.Build.0 = Release|Any CPU
		{D2564EF7-BC85-40C5-BA5D-75FA5CECCBF1}.Debug|Any CPU.ActiveCfg = Debug|Any CPU
		{D2564EF7-BC85-40C5-BA5D-75FA5CECCBF1}.Debug|Any CPU.Build.0 = Debug|Any CPU
		{D2564EF7-BC85-40C5-BA5D-75FA5CECCBF1}.Release|Any CPU.ActiveCfg = Release|Any CPU
		{D2564EF7-BC85-40C5-BA5D-75FA5CECCBF1}.Release|Any CPU.Build.0 = Release|Any CPU
		{6C888B54-342D-4539-917E-D55FC4552E60}.Debug|Any CPU.ActiveCfg = Debug|Any CPU
		{6C888B54-342D-4539-917E-D55FC4552E60}.Debug|Any CPU.Build.0 = Debug|Any CPU
		{6C888B54-342D-4539-917E-D55FC4552E60}.Release|Any CPU.ActiveCfg = Release|Any CPU
		{6C888B54-342D-4539-917E-D55FC4552E60}.Release|Any CPU.Build.0 = Release|Any CPU
		{88F47ECE-9510-4809-B59A-A63228A9A40F}.Debug|Any CPU.ActiveCfg = Debug|Any CPU
		{88F47ECE-9510-4809-B59A-A63228A9A40F}.Debug|Any CPU.Build.0 = Debug|Any CPU
		{88F47ECE-9510-4809-B59A-A63228A9A40F}.Release|Any CPU.ActiveCfg = Release|Any CPU
		{88F47ECE-9510-4809-B59A-A63228A9A40F}.Release|Any CPU.Build.0 = Release|Any CPU
		{A2E97299-9B71-4F6F-BA56-2837D40F3D63}.Debug|Any CPU.ActiveCfg = Debug|Any CPU
		{A2E97299-9B71-4F6F-BA56-2837D40F3D63}.Debug|Any CPU.Build.0 = Debug|Any CPU
		{A2E97299-9B71-4F6F-BA56-2837D40F3D63}.Release|Any CPU.ActiveCfg = Release|Any CPU
		{A2E97299-9B71-4F6F-BA56-2837D40F3D63}.Release|Any CPU.Build.0 = Release|Any CPU
		{6A4DF306-57CA-4852-BD0F-1484FF933361}.Debug|Any CPU.ActiveCfg = Debug|Any CPU
		{6A4DF306-57CA-4852-BD0F-1484FF933361}.Debug|Any CPU.Build.0 = Debug|Any CPU
		{6A4DF306-57CA-4852-BD0F-1484FF933361}.Release|Any CPU.ActiveCfg = Release|Any CPU
		{6A4DF306-57CA-4852-BD0F-1484FF933361}.Release|Any CPU.Build.0 = Release|Any CPU
		{A0B71460-9B7F-4474-8381-E0BECC3E526F}.Debug|Any CPU.ActiveCfg = Debug|Any CPU
		{A0B71460-9B7F-4474-8381-E0BECC3E526F}.Debug|Any CPU.Build.0 = Debug|Any CPU
		{A0B71460-9B7F-4474-8381-E0BECC3E526F}.Release|Any CPU.ActiveCfg = Release|Any CPU
		{A0B71460-9B7F-4474-8381-E0BECC3E526F}.Release|Any CPU.Build.0 = Release|Any CPU
		{E1FBCDDC-9DF8-41F1-8229-91C1CB963952}.Debug|Any CPU.ActiveCfg = Debug|Any CPU
		{E1FBCDDC-9DF8-41F1-8229-91C1CB963952}.Debug|Any CPU.Build.0 = Debug|Any CPU
		{E1FBCDDC-9DF8-41F1-8229-91C1CB963952}.Release|Any CPU.ActiveCfg = Release|Any CPU
		{E1FBCDDC-9DF8-41F1-8229-91C1CB963952}.Release|Any CPU.Build.0 = Release|Any CPU
		{0C3616BA-5963-46D2-BD91-BED2C3E063C7}.Debug|Any CPU.ActiveCfg = Debug|Any CPU
		{0C3616BA-5963-46D2-BD91-BED2C3E063C7}.Debug|Any CPU.Build.0 = Debug|Any CPU
		{0C3616BA-5963-46D2-BD91-BED2C3E063C7}.Release|Any CPU.ActiveCfg = Release|Any CPU
		{0C3616BA-5963-46D2-BD91-BED2C3E063C7}.Release|Any CPU.Build.0 = Release|Any CPU
		{05399B49-5169-45BF-85CB-A0C6EF8756D9}.Debug|Any CPU.ActiveCfg = Debug|Any CPU
		{05399B49-5169-45BF-85CB-A0C6EF8756D9}.Debug|Any CPU.Build.0 = Debug|Any CPU
		{05399B49-5169-45BF-85CB-A0C6EF8756D9}.Release|Any CPU.ActiveCfg = Release|Any CPU
		{05399B49-5169-45BF-85CB-A0C6EF8756D9}.Release|Any CPU.Build.0 = Release|Any CPU
		{B46E0064-D640-43A0-A628-0550A88D749D}.Debug|Any CPU.ActiveCfg = Debug|Any CPU
		{B46E0064-D640-43A0-A628-0550A88D749D}.Debug|Any CPU.Build.0 = Debug|Any CPU
		{B46E0064-D640-43A0-A628-0550A88D749D}.Release|Any CPU.ActiveCfg = Release|Any CPU
		{B46E0064-D640-43A0-A628-0550A88D749D}.Release|Any CPU.Build.0 = Release|Any CPU
	EndGlobalSection
	GlobalSection(SolutionProperties) = preSolution
		HideSolutionNode = FALSE
	EndGlobalSection
	GlobalSection(NestedProjects) = preSolution
		{4A50B7E8-4661-439B-8B02-13E0A8469774} = {4A17549A-1B5D-466D-B432-B517EAFDACD9}
		{36FB09D0-F063-48BD-BB57-EA0996FBE98E} = {4A17549A-1B5D-466D-B432-B517EAFDACD9}
		{5FD74DF4-F720-4D60-9E0E-F93DF437152D} = {4A17549A-1B5D-466D-B432-B517EAFDACD9}
		{0470D703-88A4-4CE5-83B2-5BEF7DC1DE1E} = {4A17549A-1B5D-466D-B432-B517EAFDACD9}
		{1D800BA8-D9E5-4CE8-8685-8958E1814E61} = {4A17549A-1B5D-466D-B432-B517EAFDACD9}
		{74A9F0F2-435F-4078-8D26-44473D051C1E} = {E26A57FD-C51A-48B9-B83D-551DD928230F}
		{A21BDC35-81DA-4F03-AA96-AD0F3897EC50} = {4A17549A-1B5D-466D-B432-B517EAFDACD9}
		{6D7092D4-9CB0-492B-B36E-89BBCCEC504D} = {4A17549A-1B5D-466D-B432-B517EAFDACD9}
		{28249BF4-D0F4-46C8-8E7D-4C142D5084AA} = {4A17549A-1B5D-466D-B432-B517EAFDACD9}
		{535478BB-0349-4E2A-9996-C906B69519BE} = {4A17549A-1B5D-466D-B432-B517EAFDACD9}
		{D2564EF7-BC85-40C5-BA5D-75FA5CECCBF1} = {4A17549A-1B5D-466D-B432-B517EAFDACD9}
		{6C888B54-342D-4539-917E-D55FC4552E60} = {4A17549A-1B5D-466D-B432-B517EAFDACD9}
		{88F47ECE-9510-4809-B59A-A63228A9A40F} = {4A17549A-1B5D-466D-B432-B517EAFDACD9}
		{A2E97299-9B71-4F6F-BA56-2837D40F3D63} = {EE04B794-4BCA-428B-8C93-363F857AA97C}
		{6A4DF306-57CA-4852-BD0F-1484FF933361} = {4A17549A-1B5D-466D-B432-B517EAFDACD9}
		{A0B71460-9B7F-4474-8381-E0BECC3E526F} = {EE04B794-4BCA-428B-8C93-363F857AA97C}
		{E1FBCDDC-9DF8-41F1-8229-91C1CB963952} = {4A17549A-1B5D-466D-B432-B517EAFDACD9}
		{0C3616BA-5963-46D2-BD91-BED2C3E063C7} = {4A17549A-1B5D-466D-B432-B517EAFDACD9}
		{05399B49-5169-45BF-85CB-A0C6EF8756D9} = {4A17549A-1B5D-466D-B432-B517EAFDACD9}
		{B46E0064-D640-43A0-A628-0550A88D749D} = {4A17549A-1B5D-466D-B432-B517EAFDACD9}
	EndGlobalSection
	GlobalSection(ExtensibilityGlobals) = postSolution
		SolutionGuid = {A0C7120A-E478-452E-B3C7-B869E44F9230}
	EndGlobalSection
EndGlobal
